{
  "lockfile_version": "1",
  "packages": {
    "elixir@latest": {
      "last_modified": "2024-11-28T07:51:56Z",
      "resolved": "github:NixOS/nixpkgs/226216574ada4c3ecefcbbec41f39ce4655f78ef#elixir",
      "source": "devbox-search",
      "version": "1.17.3",
      "systems": {
        "aarch64-darwin": {
          "outputs": [
            {
              "name": "out",
              "path": "/nix/store/91w79z55qsjkhnbs3a21l3h27va98mf6-elixir-1.17.3",
              "default": true
            }
          ],
          "store_path": "/nix/store/91w79z55qsjkhnbs3a21l3h27va98mf6-elixir-1.17.3"
        },
        "aarch64-linux": {
          "outputs": [
            {
              "name": "out",
              "path": "/nix/store/4wn17nlbnz1iblbmnl9amih3ngz8ws7s-elixir-1.17.3",
              "default": true
            }
          ],
          "store_path": "/nix/store/4wn17nlbnz1iblbmnl9amih3ngz8ws7s-elixir-1.17.3"
        },
        "x86_64-darwin": {
          "outputs": [
            {
              "name": "out",
              "path": "/nix/store/gnjg57wv71svvqw7s3rxyjc6lkps2r95-elixir-1.17.3",
              "default": true
            }
          ],
          "store_path": "/nix/store/gnjg57wv71svvqw7s3rxyjc6lkps2r95-elixir-1.17.3"
        },
        "x86_64-linux": {
          "outputs": [
            {
              "name": "out",
              "path": "/nix/store/rx7qr8bar4qldx6yg3njvm8hn84d3yyk-elixir-1.17.3",
              "default": true
            }
          ],
          "store_path": "/nix/store/rx7qr8bar4qldx6yg3njvm8hn84d3yyk-elixir-1.17.3"
        }
      }
    },
    "python@latest": {
      "last_modified": "2024-11-28T07:51:56Z",
      "plugin_version": "0.0.4",
      "resolved": "github:NixOS/nixpkgs/226216574ada4c3ecefcbbec41f39ce4655f78ef#python313",
      "source": "devbox-search",
      "version": "3.13.0",
      "systems": {
        "aarch64-darwin": {
          "outputs": [
            {
              "name": "out",
              "path": "/nix/store/fbyrkq5n04a9hn5zs26vrmqjzdx73d4g-python3-3.13.0",
              "default": true
            }
          ],
          "store_path": "/nix/store/fbyrkq5n04a9hn5zs26vrmqjzdx73d4g-python3-3.13.0"
        },
        "aarch64-linux": {
          "outputs": [
            {
              "name": "out",
              "path": "/nix/store/jbz9fj3sp5c8bf0s6d0bkjjj9mslxsrc-python3-3.13.0",
              "default": true
            },
            {
              "name": "debug",
              "path": "/nix/store/60jgy93wj50wwimmhm2p53pzaiap8ypm-python3-3.13.0-debug"
            }
          ],
          "store_path": "/nix/store/jbz9fj3sp5c8bf0s6d0bkjjj9mslxsrc-python3-3.13.0"
        },
        "x86_64-darwin": {
          "outputs": [
            {
              "name": "out",
              "path": "/nix/store/c7j1vxcdcqswsddm5m1n2n4z5zfhmbq2-python3-3.13.0",
              "default": true
            }
          ],
          "store_path": "/nix/store/c7j1vxcdcqswsddm5m1n2n4z5zfhmbq2-python3-3.13.0"
        },
        "x86_64-linux": {
          "outputs": [
            {
              "name": "out",
              "path": "/nix/store/0b83hlniyfbpha92k2j0w93mxdalv8kb-python3-3.13.0",
              "default": true
            },
            {
              "name": "debug",
              "path": "/nix/store/xzhxhqs8my0yvfi09aj1s9i1s9nrmpvg-python3-3.13.0-debug"
            }
          ],
          "store_path": "/nix/store/0b83hlniyfbpha92k2j0w93mxdalv8kb-python3-3.13.0"
        }
      }
    },
    "uv@latest": {
      "last_modified": "2024-11-28T07:51:56Z",
      "resolved": "github:NixOS/nixpkgs/226216574ada4c3ecefcbbec41f39ce4655f78ef#uv",
      "source": "devbox-search",
      "version": "0.4.30",
      "systems": {
        "aarch64-darwin": {
          "outputs": [
            {
              "name": "out",
              "path": "/nix/store/yvdr8x3lfq0m669l7vznyjg51259vzl4-uv-0.4.30",
              "default": true
            },
            {
              "name": "dist",
              "path": "/nix/store/fkyqi24vxxcz8q1q312d0a4nv7ch391m-uv-0.4.30-dist"
            }
          ],
          "store_path": "/nix/store/yvdr8x3lfq0m669l7vznyjg51259vzl4-uv-0.4.30"
        },
        "aarch64-linux": {
          "outputs": [
            {
              "name": "out",
              "path": "/nix/store/xwmpvkhkxvbibbkfpphijw85l4dxrd6m-uv-0.4.30",
              "default": true
            },
            {
              "name": "dist",
              "path": "/nix/store/i1rvg12ibvdmbnfjdfzi02n273sz659k-uv-0.4.30-dist"
            }
          ],
          "store_path": "/nix/store/xwmpvkhkxvbibbkfpphijw85l4dxrd6m-uv-0.4.30"
        },
        "x86_64-darwin": {
          "outputs": [
            {
              "name": "out",
              "path": "/nix/store/534fmkacb1qxw4mv0zqjm7hh732ip4fi-uv-0.4.30",
              "default": true
            },
            {
              "name": "dist",
              "path": "/nix/store/r5fk3v7s1fm82hsblajmh2j1cp317bz5-uv-0.4.30-dist"
            }
          ],
          "store_path": "/nix/store/534fmkacb1qxw4mv0zqjm7hh732ip4fi-uv-0.4.30"
        },
        "x86_64-linux": {
          "outputs": [
            {
              "name": "out",
              "path": "/nix/store/plgmjfks0wb6v307dixvvcq5w4vldjzz-uv-0.4.30",
              "default": true
            },
            {
              "name": "dist",
              "path": "/nix/store/ys3ydh0p7ir68m81v3yqyh4aqjpyk1rb-uv-0.4.30-dist"
            }
          ],
          "store_path": "/nix/store/plgmjfks0wb6v307dixvvcq5w4vldjzz-uv-0.4.30"
        }
      }
    }
  }
}
